// !$*UTF8*$!
{
	archiveVersion = 1;
	classes = {
	};
	objectVersion = 55;
	objects = {

/* Begin PBXBuildFile section */
		1A32514228CB6DDA00AE2AC5 /* TextViewController.swift in Sources */ = {isa = PBXBuildFile; fileRef = 1A32514128CB6DDA00AE2AC5 /* TextViewController.swift */; };
		1A32514C28CDBB0300AE2AC5 /* LoginViewController.swift in Sources */ = {isa = PBXBuildFile; fileRef = 1A32514B28CDBB0300AE2AC5 /* LoginViewController.swift */; };
		1A32514F28CDC78000AE2AC5 /* KeychainAccess in Frameworks */ = {isa = PBXBuildFile; productRef = 1A32514E28CDC78000AE2AC5 /* KeychainAccess */; };
		1A32515228CDC94100AE2AC5 /* Password.swift in Sources */ = {isa = PBXBuildFile; fileRef = 1A32515128CDC94100AE2AC5 /* Password.swift */; };
		1A8F7FD128D0968100B8E704 /* TabBarController.swift in Sources */ = {isa = PBXBuildFile; fileRef = 1A8F7FD028D0968100B8E704 /* TabBarController.swift */; };
		1A8F7FD328D09E9D00B8E704 /* SettingsTableViewController.swift in Sources */ = {isa = PBXBuildFile; fileRef = 1A8F7FD228D09E9D00B8E704 /* SettingsTableViewController.swift */; };
		1A90C22F28C755C70069A904 /* AppDelegate.swift in Sources */ = {isa = PBXBuildFile; fileRef = 1A90C22E28C755C70069A904 /* AppDelegate.swift */; };
		1A90C23128C755C70069A904 /* SceneDelegate.swift in Sources */ = {isa = PBXBuildFile; fileRef = 1A90C23028C755C70069A904 /* SceneDelegate.swift */; };
		1A90C23628C755C70069A904 /* Main.storyboard in Resources */ = {isa = PBXBuildFile; fileRef = 1A90C23428C755C70069A904 /* Main.storyboard */; };
		1A90C23828C755CC0069A904 /* Assets.xcassets in Resources */ = {isa = PBXBuildFile; fileRef = 1A90C23728C755CC0069A904 /* Assets.xcassets */; };
		1A90C23B28C755CC0069A904 /* LaunchScreen.storyboard in Resources */ = {isa = PBXBuildFile; fileRef = 1A90C23928C755CC0069A904 /* LaunchScreen.storyboard */; };
		1A90C24328C756BF0069A904 /* MyFoldersTableViewController.swift in Sources */ = {isa = PBXBuildFile; fileRef = 1A90C24228C756BF0069A904 /* MyFoldersTableViewController.swift */; };
		1A90C24928CB29E30069A904 /* ImageViewController.swift in Sources */ = {isa = PBXBuildFile; fileRef = 1A90C24828CB29E30069A904 /* ImageViewController.swift */; };
/* End PBXBuildFile section */

/* Begin PBXFileReference section */
		1A32514128CB6DDA00AE2AC5 /* TextViewController.swift */ = {isa = PBXFileReference; lastKnownFileType = sourcecode.swift; path = TextViewController.swift; sourceTree = "<group>"; };
		1A32514B28CDBB0300AE2AC5 /* LoginViewController.swift */ = {isa = PBXFileReference; lastKnownFileType = sourcecode.swift; path = LoginViewController.swift; sourceTree = "<group>"; };
		1A32515128CDC94100AE2AC5 /* Password.swift */ = {isa = PBXFileReference; lastKnownFileType = sourcecode.swift; path = Password.swift; sourceTree = "<group>"; };
		1A8F7FD028D0968100B8E704 /* TabBarController.swift */ = {isa = PBXFileReference; lastKnownFileType = sourcecode.swift; path = TabBarController.swift; sourceTree = "<group>"; };
		1A8F7FD228D09E9D00B8E704 /* SettingsTableViewController.swift */ = {isa = PBXFileReference; lastKnownFileType = sourcecode.swift; path = SettingsTableViewController.swift; sourceTree = "<group>"; };
		1A90C22B28C755C70069A904 /* FileManagerStoryboard.app */ = {isa = PBXFileReference; explicitFileType = wrapper.application; includeInIndex = 0; path = FileManagerStoryboard.app; sourceTree = BUILT_PRODUCTS_DIR; };
		1A90C22E28C755C70069A904 /* AppDelegate.swift */ = {isa = PBXFileReference; lastKnownFileType = sourcecode.swift; path = AppDelegate.swift; sourceTree = "<group>"; };
		1A90C23028C755C70069A904 /* SceneDelegate.swift */ = {isa = PBXFileReference; lastKnownFileType = sourcecode.swift; path = SceneDelegate.swift; sourceTree = "<group>"; };
		1A90C23528C755C70069A904 /* Base */ = {isa = PBXFileReference; lastKnownFileType = file.storyboard; name = Base; path = Base.lproj/Main.storyboard; sourceTree = "<group>"; };
		1A90C23728C755CC0069A904 /* Assets.xcassets */ = {isa = PBXFileReference; lastKnownFileType = folder.assetcatalog; path = Assets.xcassets; sourceTree = "<group>"; };
		1A90C23A28C755CC0069A904 /* Base */ = {isa = PBXFileReference; lastKnownFileType = file.storyboard; name = Base; path = Base.lproj/LaunchScreen.storyboard; sourceTree = "<group>"; };
		1A90C23C28C755CC0069A904 /* Info.plist */ = {isa = PBXFileReference; lastKnownFileType = text.plist.xml; path = Info.plist; sourceTree = "<group>"; };
		1A90C24228C756BF0069A904 /* MyFoldersTableViewController.swift */ = {isa = PBXFileReference; lastKnownFileType = sourcecode.swift; path = MyFoldersTableViewController.swift; sourceTree = "<group>"; };
		1A90C24828CB29E30069A904 /* ImageViewController.swift */ = {isa = PBXFileReference; lastKnownFileType = sourcecode.swift; path = ImageViewController.swift; sourceTree = "<group>"; };
/* End PBXFileReference section */

/* Begin PBXFrameworksBuildPhase section */
		1A90C22828C755C70069A904 /* Frameworks */ = {
			isa = PBXFrameworksBuildPhase;
			buildActionMask = 2147483647;
			files = (
				1A32514F28CDC78000AE2AC5 /* KeychainAccess in Frameworks */,
			);
			runOnlyForDeploymentPostprocessing = 0;
		};
/* End PBXFrameworksBuildPhase section */

/* Begin PBXGroup section */
		1A32514A28CDBA8300AE2AC5 /* Settings */ = {
			isa = PBXGroup;
			children = (
				1A8F7FD228D09E9D00B8E704 /* SettingsTableViewController.swift */,
			);
			path = Settings;
			sourceTree = "<group>";
		};
		1A32515028CDC92800AE2AC5 /* Models */ = {
			isa = PBXGroup;
			children = (
				1A32515128CDC94100AE2AC5 /* Password.swift */,
			);
			path = Models;
			sourceTree = "<group>";
		};
		1A8F3C3C28FEC9BB001EC71F /* LogIn */ = {
			isa = PBXGroup;
			children = (
				1A32514B28CDBB0300AE2AC5 /* LoginViewController.swift */,
			);
			path = LogIn;
			sourceTree = "<group>";
		};
		1A8F3C3D28FEC9DE001EC71F /* Folders and files */ = {
			isa = PBXGroup;
			children = (
				1A8F7FD028D0968100B8E704 /* TabBarController.swift */,
				1A90C24228C756BF0069A904 /* MyFoldersTableViewController.swift */,
				1A90C24828CB29E30069A904 /* ImageViewController.swift */,
				1A32514128CB6DDA00AE2AC5 /* TextViewController.swift */,
			);
			path = "Folders and files";
			sourceTree = "<group>";
		};
		1A90C22228C755C70069A904 = {
			isa = PBXGroup;
			children = (
				1A90C22D28C755C70069A904 /* FileManagerStoryboard */,
				1A90C22C28C755C70069A904 /* Products */,
			);
			sourceTree = "<group>";
		};
		1A90C22C28C755C70069A904 /* Products */ = {
			isa = PBXGroup;
			children = (
				1A90C22B28C755C70069A904 /* FileManagerStoryboard.app */,
			);
			name = Products;
			sourceTree = "<group>";
		};
		1A90C22D28C755C70069A904 /* FileManagerStoryboard */ = {
			isa = PBXGroup;
			children = (
				1A90C22E28C755C70069A904 /* AppDelegate.swift */,
				1A90C23028C755C70069A904 /* SceneDelegate.swift */,
				1A8F3C3C28FEC9BB001EC71F /* LogIn */,
				1A8F3C3D28FEC9DE001EC71F /* Folders and files */,
				1A32514A28CDBA8300AE2AC5 /* Settings */,
				1A32515028CDC92800AE2AC5 /* Models */,
				1A90C23428C755C70069A904 /* Main.storyboard */,
				1A90C23728C755CC0069A904 /* Assets.xcassets */,
				1A90C23928C755CC0069A904 /* LaunchScreen.storyboard */,
				1A90C23C28C755CC0069A904 /* Info.plist */,
			);
			path = FileManagerStoryboard;
			sourceTree = "<group>";
		};
/* End PBXGroup section */

/* Begin PBXNativeTarget section */
		1A90C22A28C755C70069A904 /* FileManagerStoryboard */ = {
			isa = PBXNativeTarget;
			buildConfigurationList = 1A90C23F28C755CC0069A904 /* Build configuration list for PBXNativeTarget "FileManagerStoryboard" */;
			buildPhases = (
				1A90C22728C755C70069A904 /* Sources */,
				1A90C22828C755C70069A904 /* Frameworks */,
				1A90C22928C755C70069A904 /* Resources */,
			);
			buildRules = (
			);
			dependencies = (
			);
			name = FileManagerStoryboard;
			packageProductDependencies = (
				1A32514E28CDC78000AE2AC5 /* KeychainAccess */,
			);
			productName = FileManagerStoryboard;
			productReference = 1A90C22B28C755C70069A904 /* FileManagerStoryboard.app */;
			productType = "com.apple.product-type.application";
		};
/* End PBXNativeTarget section */

/* Begin PBXProject section */
		1A90C22328C755C70069A904 /* Project object */ = {
			isa = PBXProject;
			attributes = {
				BuildIndependentTargetsInParallel = 1;
				LastSwiftUpdateCheck = 1330;
				LastUpgradeCheck = 1330;
				TargetAttributes = {
					1A90C22A28C755C70069A904 = {
						CreatedOnToolsVersion = 13.3;
					};
				};
			};
			buildConfigurationList = 1A90C22628C755C70069A904 /* Build configuration list for PBXProject "FileManagerStoryboard" */;
			compatibilityVersion = "Xcode 13.0";
			developmentRegion = en;
			hasScannedForEncodings = 0;
			knownRegions = (
				en,
				Base,
			);
			mainGroup = 1A90C22228C755C70069A904;
			packageReferences = (
				1A32514D28CDC78000AE2AC5 /* XCRemoteSwiftPackageReference "KeychainAccess" */,
			);
			productRefGroup = 1A90C22C28C755C70069A904 /* Products */;
			projectDirPath = "";
			projectRoot = "";
			targets = (
				1A90C22A28C755C70069A904 /* FileManagerStoryboard */,
			);
		};
/* End PBXProject section */

/* Begin PBXResourcesBuildPhase section */
		1A90C22928C755C70069A904 /* Resources */ = {
			isa = PBXResourcesBuildPhase;
			buildActionMask = 2147483647;
			files = (
				1A90C23B28C755CC0069A904 /* LaunchScreen.storyboard in Resources */,
				1A90C23828C755CC0069A904 /* Assets.xcassets in Resources */,
				1A90C23628C755C70069A904 /* Main.storyboard in Resources */,
			);
			runOnlyForDeploymentPostprocessing = 0;
		};
/* End PBXResourcesBuildPhase section */

/* Begin PBXSourcesBuildPhase section */
		1A90C22728C755C70069A904 /* Sources */ = {
			isa = PBXSourcesBuildPhase;
			buildActionMask = 2147483647;
			files = (
				1A32514C28CDBB0300AE2AC5 /* LoginViewController.swift in Sources */,
				1A8F7FD128D0968100B8E704 /* TabBarController.swift in Sources */,
				1A32514228CB6DDA00AE2AC5 /* TextViewController.swift in Sources */,
				1A90C24928CB29E30069A904 /* ImageViewController.swift in Sources */,
				1A32515228CDC94100AE2AC5 /* Password.swift in Sources */,
				1A90C24328C756BF0069A904 /* MyFoldersTableViewController.swift in Sources */,
				1A90C22F28C755C70069A904 /* AppDelegate.swift in Sources */,
				1A90C23128C755C70069A904 /* SceneDelegate.swift in Sources */,
				1A8F7FD328D09E9D00B8E704 /* SettingsTableViewController.swift in Sources */,
			);
			runOnlyForDeploymentPostprocessing = 0;
		};
/* End PBXSourcesBuildPhase section */

/* Begin PBXVariantGroup section */
		1A90C23428C755C70069A904 /* Main.storyboard */ = {
			isa = PBXVariantGroup;
			children = (
				1A90C23528C755C70069A904 /* Base */,
			);
			name = Main.storyboard;
			sourceTree = "<group>";
		};
		1A90C23928C755CC0069A904 /* LaunchScreen.storyboard */ = {
			isa = PBXVariantGroup;
			children = (
				1A90C23A28C755CC0069A904 /* Base */,
			);
			name = LaunchScreen.storyboard;
			sourceTree = "<group>";
		};
/* End PBXVariantGroup section */

/* Begin XCBuildConfiguration section */
		1A90C23D28C755CC0069A904 /* Debug */ = {
			isa = XCBuildConfiguration;
			buildSettings = {
				ALWAYS_SEARCH_USER_PATHS = NO;
				CLANG_ANALYZER_NONNULL = YES;
				CLANG_ANALYZER_NUMBER_OBJECT_CONVERSION = YES_AGGRESSIVE;
				CLANG_CXX_LANGUAGE_STANDARD = "gnu++17";
				CLANG_ENABLE_MODULES = YES;
				CLANG_ENABLE_OBJC_ARC = YES;
				CLANG_ENABLE_OBJC_WEAK = YES;
				CLANG_WARN_BLOCK_CAPTURE_AUTORELEASING = YES;
				CLANG_WARN_BOOL_CONVERSION = YES;
				CLANG_WARN_COMMA = YES;
				CLANG_WARN_CONSTANT_CONVERSION = YES;
				CLANG_WARN_DEPRECATED_OBJC_IMPLEMENTATIONS = YES;
				CLANG_WARN_DIRECT_OBJC_ISA_USAGE = YES_ERROR;
				CLANG_WARN_DOCUMENTATION_COMMENTS = YES;
				CLANG_WARN_EMPTY_BODY = YES;
				CLANG_WARN_ENUM_CONVERSION = YES;
				CLANG_WARN_INFINITE_RECURSION = YES;
				CLANG_WARN_INT_CONVERSION = YES;
				CLANG_WARN_NON_LITERAL_NULL_CONVERSION = YES;
				CLANG_WARN_OBJC_IMPLICIT_RETAIN_SELF = YES;
				CLANG_WARN_OBJC_LITERAL_CONVERSION = YES;
				CLANG_WARN_OBJC_ROOT_CLASS = YES_ERROR;
				CLANG_WARN_QUOTED_INCLUDE_IN_FRAMEWORK_HEADER = YES;
				CLANG_WARN_RANGE_LOOP_ANALYSIS = YES;
				CLANG_WARN_STRICT_PROTOTYPES = YES;
				CLANG_WARN_SUSPICIOUS_MOVE = YES;
				CLANG_WARN_UNGUARDED_AVAILABILITY = YES_AGGRESSIVE;
				CLANG_WARN_UNREACHABLE_CODE = YES;
				CLANG_WARN__DUPLICATE_METHOD_MATCH = YES;
				COPY_PHASE_STRIP = NO;
				DEBUG_INFORMATION_FORMAT = dwarf;
				ENABLE_STRICT_OBJC_MSGSEND = YES;
				ENABLE_TESTABILITY = YES;
				GCC_C_LANGUAGE_STANDARD = gnu11;
				GCC_DYNAMIC_NO_PIC = NO;
				GCC_NO_COMMON_BLOCKS = YES;
				GCC_OPTIMIZATION_LEVEL = 0;
				GCC_PREPROCESSOR_DEFINITIONS = (
					"DEBUG=1",
					"$(inherited)",
				);
				GCC_WARN_64_TO_32_BIT_CONVERSION = YES;
				GCC_WARN_ABOUT_RETURN_TYPE = YES_ERROR;
				GCC_WARN_UNDECLARED_SELECTOR = YES;
				GCC_WARN_UNINITIALIZED_AUTOS = YES_AGGRESSIVE;
				GCC_WARN_UNUSED_FUNCTION = YES;
				GCC_WARN_UNUSED_VARIABLE = YES;
				IPHONEOS_DEPLOYMENT_TARGET = 15.4;
				MTL_ENABLE_DEBUG_INFO = INCLUDE_SOURCE;
				MTL_FAST_MATH = YES;
				ONLY_ACTIVE_ARCH = YES;
				SDKROOT = iphoneos;
				SWIFT_ACTIVE_COMPILATION_CONDITIONS = DEBUG;
				SWIFT_OPTIMIZATION_LEVEL = "-Onone";
			};
			name = Debug;
		};
		1A90C23E28C755CC0069A904 /* Release */ = {
			isa = XCBuildConfiguration;
			buildSettings = {
				ALWAYS_SEARCH_USER_PATHS = NO;
				CLANG_ANALYZER_NONNULL = YES;
				CLANG_ANALYZER_NUMBER_OBJECT_CONVERSION = YES_AGGRESSIVE;
				CLANG_CXX_LANGUAGE_STANDARD = "gnu++17";
				CLANG_ENABLE_MODULES = YES;
				CLANG_ENABLE_OBJC_ARC = YES;
				CLANG_ENABLE_OBJC_WEAK = YES;
				CLANG_WARN_BLOCK_CAPTURE_AUTORELEASING = YES;
				CLANG_WARN_BOOL_CONVERSION = YES;
				CLANG_WARN_COMMA = YES;
				CLANG_WARN_CONSTANT_CONVERSION = YES;
				CLANG_WARN_DEPRECATED_OBJC_IMPLEMENTATIONS = YES;
				CLANG_WARN_DIRECT_OBJC_ISA_USAGE = YES_ERROR;
				CLANG_WARN_DOCUMENTATION_COMMENTS = YES;
				CLANG_WARN_EMPTY_BODY = YES;
				CLANG_WARN_ENUM_CONVERSION = YES;
				CLANG_WARN_INFINITE_RECURSION = YES;
				CLANG_WARN_INT_CONVERSION = YES;
				CLANG_WARN_NON_LITERAL_NULL_CONVERSION = YES;
				CLANG_WARN_OBJC_IMPLICIT_RETAIN_SELF = YES;
				CLANG_WARN_OBJC_LITERAL_CONVERSION = YES;
				CLANG_WARN_OBJC_ROOT_CLASS = YES_ERROR;
				CLANG_WARN_QUOTED_INCLUDE_IN_FRAMEWORK_HEADER = YES;
				CLANG_WARN_RANGE_LOOP_ANALYSIS = YES;
				CLANG_WARN_STRICT_PROTOTYPES = YES;
				CLANG_WARN_SUSPICIOUS_MOVE = YES;
				CLANG_WARN_UNGUARDED_AVAILABILITY = YES_AGGRESSIVE;
				CLANG_WARN_UNREACHABLE_CODE = YES;
				CLANG_WARN__DUPLICATE_METHOD_MATCH = YES;
				COPY_PHASE_STRIP = NO;
				DEBUG_INFORMATION_FORMAT = "dwarf-with-dsym";
				ENABLE_NS_ASSERTIONS = NO;
				ENABLE_STRICT_OBJC_MSGSEND = YES;
				GCC_C_LANGUAGE_STANDARD = gnu11;
				GCC_NO_COMMON_BLOCKS = YES;
				GCC_WARN_64_TO_32_BIT_CONVERSION = YES;
				GCC_WARN_ABOUT_RETURN_TYPE = YES_ERROR;
				GCC_WARN_UNDECLARED_SELECTOR = YES;
				GCC_WARN_UNINITIALIZED_AUTOS = YES_AGGRESSIVE;
				GCC_WARN_UNUSED_FUNCTION = YES;
				GCC_WARN_UNUSED_VARIABLE = YES;
				IPHONEOS_DEPLOYMENT_TARGET = 15.4;
				MTL_ENABLE_DEBUG_INFO = NO;
				MTL_FAST_MATH = YES;
				SDKROOT = iphoneos;
				SWIFT_COMPILATION_MODE = wholemodule;
				SWIFT_OPTIMIZATION_LEVEL = "-O";
				VALIDATE_PRODUCT = YES;
			};
			name = Release;
		};
		1A90C24028C755CC0069A904 /* Debug */ = {
			isa = XCBuildConfiguration;
			buildSettings = {
				ASSETCATALOG_COMPILER_APPICON_NAME = AppIcon;
				ASSETCATALOG_COMPILER_GLOBAL_ACCENT_COLOR_NAME = AccentColor;
				CODE_SIGN_STYLE = Automatic;
				CURRENT_PROJECT_VERSION = 1;
				DEVELOPMENT_TEAM = 56475B8NZH;
				GENERATE_INFOPLIST_FILE = YES;
				INFOPLIST_FILE = FileManagerStoryboard/Info.plist;
				INFOPLIST_KEY_UIApplicationSupportsIndirectInputEvents = YES;
				INFOPLIST_KEY_UILaunchStoryboardName = LaunchScreen;
				INFOPLIST_KEY_UIMainStoryboardFile = Main;
				INFOPLIST_KEY_UISupportedInterfaceOrientations_iPad = "UIInterfaceOrientationPortrait UIInterfaceOrientationPortraitUpsideDown UIInterfaceOrientationLandscapeLeft UIInterfaceOrientationLandscapeRight";
				INFOPLIST_KEY_UISupportedInterfaceOrientations_iPhone = "UIInterfaceOrientationPortrait UIInterfaceOrientationLandscapeLeft UIInterfaceOrientationLandscapeRight";
				IPHONEOS_DEPLOYMENT_TARGET = 13.3;
				LD_RUNPATH_SEARCH_PATHS = (
					"$(inherited)",
					"@executable_path/Frameworks",
				);
				MARKETING_VERSION = 1.0;
				PRODUCT_BUNDLE_IDENTIFIER = marymezh.FileManagerStoryboard;
				PRODUCT_NAME = "$(TARGET_NAME)";
				SWIFT_EMIT_LOC_STRINGS = YES;
				SWIFT_VERSION = 5.0;
				TARGETED_DEVICE_FAMILY = "1,2";
			};
			name = Debug;
		};
		1A90C24128C755CC0069A904 /* Release */ = {
			isa = XCBuildConfiguration;
			buildSettings = {
				ASSETCATALOG_COMPILER_APPICON_NAME = AppIcon;
				ASSETCATALOG_COMPILER_GLOBAL_ACCENT_COLOR_NAME = AccentColor;
				CODE_SIGN_STYLE = Automatic;
				CURRENT_PROJECT_VERSION = 1;
				DEVELOPMENT_TEAM = 56475B8NZH;
				GENERATE_INFOPLIST_FILE = YES;
				INFOPLIST_FILE = FileManagerStoryboard/Info.plist;
				INFOPLIST_KEY_UIApplicationSupportsIndirectInputEvents = YES;
				INFOPLIST_KEY_UILaunchStoryboardName = LaunchScreen;
				INFOPLIST_KEY_UIMainStoryboardFile = Main;
				INFOPLIST_KEY_UISupportedInterfaceOrientations_iPad = "UIInterfaceOrientationPortrait UIInterfaceOrientationPortraitUpsideDown UIInterfaceOrientationLandscapeLeft UIInterfaceOrientationLandscapeRight";
				INFOPLIST_KEY_UISupportedInterfaceOrientations_iPhone = "UIInterfaceOrientationPortrait UIInterfaceOrientationLandscapeLeft UIInterfaceOrientationLandscapeRight";
				IPHONEOS_DEPLOYMENT_TARGET = 13.3;
				LD_RUNPATH_SEARCH_PATHS = (
					"$(inherited)",
					"@executable_path/Frameworks",
				);
				MARKETING_VERSION = 1.0;
				PRODUCT_BUNDLE_IDENTIFIER = marymezh.FileManagerStoryboard;
				PRODUCT_NAME = "$(TARGET_NAME)";
				SWIFT_EMIT_LOC_STRINGS = YES;
				SWIFT_VERSION = 5.0;
				TARGETED_DEVICE_FAMILY = "1,2";
			};
			name = Release;
		};
/* End XCBuildConfiguration section */

/* Begin XCConfigurationList section */
		1A90C22628C755C70069A904 /* Build configuration list for PBXProject "FileManagerStoryboard" */ = {
			isa = XCConfigurationList;
			buildConfigurations = (
				1A90C23D28C755CC0069A904 /* Debug */,
				1A90C23E28C755CC0069A904 /* Release */,
			);
			defaultConfigurationIsVisible = 0;
			defaultConfigurationName = Release;
		};
		1A90C23F28C755CC0069A904 /* Build configuration list for PBXNativeTarget "FileManagerStoryboard" */ = {
			isa = XCConfigurationList;
			buildConfigurations = (
				1A90C24028C755CC0069A904 /* Debug */,
				1A90C24128C755CC0069A904 /* Release */,
			);
			defaultConfigurationIsVisible = 0;
			defaultConfigurationName = Release;
		};
/* End XCConfigurationList section */

/* Begin XCRemoteSwiftPackageReference section */
		1A32514D28CDC78000AE2AC5 /* XCRemoteSwiftPackageReference "KeychainAccess" */ = {
			isa = XCRemoteSwiftPackageReference;
			repositoryURL = "https://github.com/kishikawakatsumi/KeychainAccess";
			requirement = {
				branch = master;
				kind = branch;
			};
		};
/* End XCRemoteSwiftPackageReference section */

/* Begin XCSwiftPackageProductDependency section */
		1A32514E28CDC78000AE2AC5 /* KeychainAccess */ = {
			isa = XCSwiftPackageProductDependency;
			package = 1A32514D28CDC78000AE2AC5 /* XCRemoteSwiftPackageReference "KeychainAccess" */;
			productName = KeychainAccess;
		};
/* End XCSwiftPackageProductDependency section */
	};
	rootObject = 1A90C22328C755C70069A904 /* Project object */;
}
